# This file is automatically @generated by Cargo.
# It is not intended for manual editing.
[[package]]
name = "learn_async_with_rust"
version = "0.1.0"
dependencies = [
 "minimio 0.1.0 (git+https://github.com/cfsamson/examples-minimio)",
]

[[package]]
name = "minimio"
version = "0.1.0"
source = "git+https://github.com/cfsamson/examples-minimio#3edece648d5d7b88371ece6a9c8d6c0777298b35"

[metadata]
"checksum minimio 0.1.0 (git+https://github.com/cfsamson/examples-minimio)" = "<none>"
